
Microsoft Visual Studio Solution File, Format Version 12.00
# Visual Studio Version 17
VisualStudioVersion = 17.3.32929.385
MinimumVisualStudioVersion = 10.0.40219.1
Project("{FAE04EC0-301F-11D3-BF4B-00C04F79EFBC}") = "FirmOrders.Server", "FirmOrders\Server\FirmOrders.Server.csproj", "{7E0B9917-7F62-497D-BF5A-1A0173410328}"
EndProject
Project("{FAE04EC0-301F-11D3-BF4B-00C04F79EFBC}") = "FirmOrders.Client", "FirmOrders\Client\FirmOrders.Client.csproj", "{9FAE5815-EAE0-4826-839D-56C9964C6134}"
EndProject
Project("{FAE04EC0-301F-11D3-BF4B-00C04F79EFBC}") = "FirmOrders.Shared", "FirmOrders\Shared\FirmOrders.Shared.csproj", "{B93EAA41-95C6-457D-8896-AADD36ABAAA5}"
EndProject
Global
	GlobalSection(SolutionConfigurationPlatforms) = preSolution
		Debug|Any CPU = Debug|Any CPU
		Release|Any CPU = Release|Any CPU
	EndGlobalSection
	GlobalSection(ProjectConfigurationPlatforms) = postSolution
		{7E0B9917-7F62-497D-BF5A-1A0173410328}.Debug|Any CPU.ActiveCfg = Debug|Any CPU
		{7E0B9917-7F62-497D-BF5A-1A0173410328}.Debug|Any CPU.Build.0 = Debug|Any CPU
		{7E0B9917-7F62-497D-BF5A-1A0173410328}.Release|Any CPU.ActiveCfg = Release|Any CPU
		{7E0B9917-7F62-497D-BF5A-1A0173410328}.Release|Any CPU.Build.0 = Release|Any CPU
		{9FAE5815-EAE0-4826-839D-56C9964C6134}.Debug|Any CPU.ActiveCfg = Debug|Any CPU
		{9FAE5815-EAE0-4826-839D-56C9964C6134}.Debug|Any CPU.Build.0 = Debug|Any CPU
		{9FAE5815-EAE0-4826-839D-56C9964C6134}.Release|Any CPU.ActiveCfg = Release|Any CPU
		{9FAE5815-EAE0-4826-839D-56C9964C6134}.Release|Any CPU.Build.0 = Release|Any CPU
		{B93EAA41-95C6-457D-8896-AADD36ABAAA5}.Debug|Any CPU.ActiveCfg = Debug|Any CPU
		{B93EAA41-95C6-457D-8896-AADD36ABAAA5}.Debug|Any CPU.Build.0 = Debug|Any CPU
		{B93EAA41-95C6-457D-8896-AADD36ABAAA5}.Release|Any CPU.ActiveCfg = Release|Any CPU
		{B93EAA41-95C6-457D-8896-AADD36ABAAA5}.Release|Any CPU.Build.0 = Release|Any CPU
	EndGlobalSection
	GlobalSection(SolutionProperties) = preSolution
		HideSolutionNode = FALSE
	EndGlobalSection
	GlobalSection(ExtensibilityGlobals) = postSolution
		SolutionGuid = {4F84E651-E097-492C-9886-46CA1D900699}
	EndGlobalSection
EndGlobal
